
Microsoft Visual Studio Solution File, Format Version 12.00
# Visual Studio Version 17
VisualStudioVersion = 17.6.33801.468
MinimumVisualStudioVersion = 10.0.40219.1
Project("{9A19103F-16F7-4668-BE54-9A1E7A4F7556}") = "InternetGameBlog.Web", "InternetGameBlog.Web\InternetGameBlog.Web.csproj", "{04423A21-E928-4A07-A719-022F54E0F5B7}"
EndProject
Project("{2150E333-8FDC-42A3-9474-1A3956D46DE8}") = "Data", "Data", "{DEEF0EA9-5B76-461A-8EA9-D871D3CC6A9C}"
EndProject
Project("{2150E333-8FDC-42A3-9474-1A3956D46DE8}") = "Web", "Web", "{E2375936-124C-407B-B097-EA3C0DDD341A}"
EndProject
Project("{9A19103F-16F7-4668-BE54-9A1E7A4F7556}") = "InternetGameBlog.Data", "InternetGameBlog.Data\InternetGameBlog.Data.csproj", "{442F662A-9447-4FC6-AD9C-7A91FAB01B6F}"
EndProject
Project("{9A19103F-16F7-4668-BE54-9A1E7A4F7556}") = "InternetGameBlog.Data.Models", "InternetGameBlog.Data.Models\InternetGameBlog.Data.Models.csproj", "{D2ED22F9-C1FB-4351-A628-B372909CA61E}"
EndProject
Project("{9A19103F-16F7-4668-BE54-9A1E7A4F7556}") = "InternetGameBlog.Web.ViewModels", "InternetGameBlog.Web.ViewModels\InternetGameBlog.Web.ViewModels.csproj", "{00795C00-FE46-484E-96EC-7EF146694AEF}"
EndProject
Project("{9A19103F-16F7-4668-BE54-9A1E7A4F7556}") = "InternetGameBlog.Common", "InternetGameBlog.Common\InternetGameBlog.Common.csproj", "{7137255D-2861-4C61-A72D-7C8E8B90ACB6}"
EndProject
Project("{2150E333-8FDC-42A3-9474-1A3956D46DE8}") = "Services", "Services", "{22B2E49F-2EAE-4D5A-8429-B3FE1A8D5DA2}"
EndProject
Project("{FAE04EC0-301F-11D3-BF4B-00C04F79EFBC}") = "InternetGameBlog.Services.Contracts", "InternetGameBlog.Services.Contracts\InternetGameBlog.Services.Contracts.csproj", "{EBC303B0-2902-4413-8E85-18FFA75DD10A}"
EndProject
Project("{FAE04EC0-301F-11D3-BF4B-00C04F79EFBC}") = "InternetGameBlog.Services.Data", "InternetGameBlog.Services.Data\InternetGameBlog.Services.Data.csproj", "{1073F6CF-6DAF-466A-A712-5B42D149899E}"
EndProject
Global
	GlobalSection(SolutionConfigurationPlatforms) = preSolution
		Debug|Any CPU = Debug|Any CPU
		Release|Any CPU = Release|Any CPU
	EndGlobalSection
	GlobalSection(ProjectConfigurationPlatforms) = postSolution
		{04423A21-E928-4A07-A719-022F54E0F5B7}.Debug|Any CPU.ActiveCfg = Debug|Any CPU
		{04423A21-E928-4A07-A719-022F54E0F5B7}.Debug|Any CPU.Build.0 = Debug|Any CPU
		{04423A21-E928-4A07-A719-022F54E0F5B7}.Release|Any CPU.ActiveCfg = Release|Any CPU
		{04423A21-E928-4A07-A719-022F54E0F5B7}.Release|Any CPU.Build.0 = Release|Any CPU
		{442F662A-9447-4FC6-AD9C-7A91FAB01B6F}.Debug|Any CPU.ActiveCfg = Debug|Any CPU
		{442F662A-9447-4FC6-AD9C-7A91FAB01B6F}.Debug|Any CPU.Build.0 = Debug|Any CPU
		{442F662A-9447-4FC6-AD9C-7A91FAB01B6F}.Release|Any CPU.ActiveCfg = Release|Any CPU
		{442F662A-9447-4FC6-AD9C-7A91FAB01B6F}.Release|Any CPU.Build.0 = Release|Any CPU
		{D2ED22F9-C1FB-4351-A628-B372909CA61E}.Debug|Any CPU.ActiveCfg = Debug|Any CPU
		{D2ED22F9-C1FB-4351-A628-B372909CA61E}.Debug|Any CPU.Build.0 = Debug|Any CPU
		{D2ED22F9-C1FB-4351-A628-B372909CA61E}.Release|Any CPU.ActiveCfg = Release|Any CPU
		{D2ED22F9-C1FB-4351-A628-B372909CA61E}.Release|Any CPU.Build.0 = Release|Any CPU
		{00795C00-FE46-484E-96EC-7EF146694AEF}.Debug|Any CPU.ActiveCfg = Debug|Any CPU
		{00795C00-FE46-484E-96EC-7EF146694AEF}.Debug|Any CPU.Build.0 = Debug|Any CPU
		{00795C00-FE46-484E-96EC-7EF146694AEF}.Release|Any CPU.ActiveCfg = Release|Any CPU
		{00795C00-FE46-484E-96EC-7EF146694AEF}.Release|Any CPU.Build.0 = Release|Any CPU
		{7137255D-2861-4C61-A72D-7C8E8B90ACB6}.Debug|Any CPU.ActiveCfg = Debug|Any CPU
		{7137255D-2861-4C61-A72D-7C8E8B90ACB6}.Debug|Any CPU.Build.0 = Debug|Any CPU
		{7137255D-2861-4C61-A72D-7C8E8B90ACB6}.Release|Any CPU.ActiveCfg = Release|Any CPU
		{7137255D-2861-4C61-A72D-7C8E8B90ACB6}.Release|Any CPU.Build.0 = Release|Any CPU
		{EBC303B0-2902-4413-8E85-18FFA75DD10A}.Debug|Any CPU.ActiveCfg = Debug|Any CPU
		{EBC303B0-2902-4413-8E85-18FFA75DD10A}.Debug|Any CPU.Build.0 = Debug|Any CPU
		{EBC303B0-2902-4413-8E85-18FFA75DD10A}.Release|Any CPU.ActiveCfg = Release|Any CPU
		{EBC303B0-2902-4413-8E85-18FFA75DD10A}.Release|Any CPU.Build.0 = Release|Any CPU
		{1073F6CF-6DAF-466A-A712-5B42D149899E}.Debug|Any CPU.ActiveCfg = Debug|Any CPU
		{1073F6CF-6DAF-466A-A712-5B42D149899E}.Debug|Any CPU.Build.0 = Debug|Any CPU
		{1073F6CF-6DAF-466A-A712-5B42D149899E}.Release|Any CPU.ActiveCfg = Release|Any CPU
		{1073F6CF-6DAF-466A-A712-5B42D149899E}.Release|Any CPU.Build.0 = Release|Any CPU
	EndGlobalSection
	GlobalSection(SolutionProperties) = preSolution
		HideSolutionNode = FALSE
	EndGlobalSection
	GlobalSection(NestedProjects) = preSolution
		{04423A21-E928-4A07-A719-022F54E0F5B7} = {E2375936-124C-407B-B097-EA3C0DDD341A}
		{442F662A-9447-4FC6-AD9C-7A91FAB01B6F} = {DEEF0EA9-5B76-461A-8EA9-D871D3CC6A9C}
		{D2ED22F9-C1FB-4351-A628-B372909CA61E} = {DEEF0EA9-5B76-461A-8EA9-D871D3CC6A9C}
		{00795C00-FE46-484E-96EC-7EF146694AEF} = {E2375936-124C-407B-B097-EA3C0DDD341A}
		{EBC303B0-2902-4413-8E85-18FFA75DD10A} = {22B2E49F-2EAE-4D5A-8429-B3FE1A8D5DA2}
		{1073F6CF-6DAF-466A-A712-5B42D149899E} = {22B2E49F-2EAE-4D5A-8429-B3FE1A8D5DA2}
	EndGlobalSection
	GlobalSection(ExtensibilityGlobals) = postSolution
		SolutionGuid = {64A10D40-2016-4781-A830-1DED4A8588F5}
	EndGlobalSection
EndGlobal
